
Microsoft Visual Studio Solution File, Format Version 12.00
# Visual Studio Version 17
VisualStudioVersion = 17.11.35327.3
MinimumVisualStudioVersion = 10.0.40219.1
Project("{FAE04EC0-301F-11D3-BF4B-00C04F79EFBC}") = "CA2", "CA2\CA2.csproj", "{AAACFBE2-7724-41F4-BFB8-68039853A961}"
EndProject
Global
	GlobalSection(SolutionConfigurationPlatforms) = preSolution
		Debug|Any CPU = Debug|Any CPU
		Release|Any CPU = Release|Any CPU
	EndGlobalSection
	GlobalSection(ProjectConfigurationPlatforms) = postSolution
		{AAACFBE2-7724-41F4-BFB8-68039853A961}.Debug|Any CPU.ActiveCfg = Debug|Any CPU
		{AAACFBE2-7724-41F4-BFB8-68039853A961}.Debug|Any CPU.Build.0 = Debug|Any CPU
		{AAACFBE2-7724-41F4-BFB8-68039853A961}.Release|Any CPU.ActiveCfg = Release|Any CPU
		{AAACFBE2-7724-41F4-BFB8-68039853A961}.Release|Any CPU.Build.0 = Release|Any CPU
	EndGlobalSection
	GlobalSection(SolutionProperties) = preSolution
		HideSolutionNode = FALSE
	EndGlobalSection
	GlobalSection(ExtensibilityGlobals) = postSolution
		SolutionGuid = {A32BE052-B20A-481A-92DA-F938053D1FBA}
	EndGlobalSection
EndGlobal
